
Microsoft Visual Studio Solution File, Format Version 12.00
# Visual Studio Version 17
VisualStudioVersion = 17.12.35514.174
MinimumVisualStudioVersion = 10.0.40219.1
Project("{FAE04EC0-301F-11D3-BF4B-00C04F79EFBC}") = "PicPayChallenge.Api", "PicPayChallenge.Api\PicPayChallenge.Api.csproj", "{6B3096BB-C19E-4F31-9953-ED869A876B89}"
EndProject
Project("{FAE04EC0-301F-11D3-BF4B-00C04F79EFBC}") = "PicPayChallenge.Infra", "PicPayChallenge.Infra\PicPayChallenge.Infra.csproj", "{96E0E9B7-B64D-432A-956F-CD2C2807C53A}"
EndProject
Project("{2150E333-8FDC-42A3-9474-1A3956D46DE8}") = "Solution Items", "Solution Items", "{FF88ABD3-373D-497B-9023-B2C9A2E510C9}"
	ProjectSection(SolutionItems) = preProject
		docker-compose.yaml = docker-compose.yaml
		README.md = README.md
	EndProjectSection
EndProject
Project("{FAE04EC0-301F-11D3-BF4B-00C04F79EFBC}") = "PicPayChallenge.Domain", "PicPayChallenge.Domain\PicPayChallenge.Domain.csproj", "{C6A8406D-664D-47B0-BCD8-BCABDDADBB55}"
EndProject
Project("{FAE04EC0-301F-11D3-BF4B-00C04F79EFBC}") = "PicPayChallenge.Application", "PicPayChallenge.Application\PicPayChallenge.Application.csproj", "{975BB71D-BC08-418F-8669-F31484ABB3FC}"
EndProject
Global
	GlobalSection(SolutionConfigurationPlatforms) = preSolution
		Debug|Any CPU = Debug|Any CPU
		Release|Any CPU = Release|Any CPU
	EndGlobalSection
	GlobalSection(ProjectConfigurationPlatforms) = postSolution
		{6B3096BB-C19E-4F31-9953-ED869A876B89}.Debug|Any CPU.ActiveCfg = Debug|Any CPU
		{6B3096BB-C19E-4F31-9953-ED869A876B89}.Debug|Any CPU.Build.0 = Debug|Any CPU
		{6B3096BB-C19E-4F31-9953-ED869A876B89}.Release|Any CPU.ActiveCfg = Release|Any CPU
		{6B3096BB-C19E-4F31-9953-ED869A876B89}.Release|Any CPU.Build.0 = Release|Any CPU
		{96E0E9B7-B64D-432A-956F-CD2C2807C53A}.Debug|Any CPU.ActiveCfg = Debug|Any CPU
		{96E0E9B7-B64D-432A-956F-CD2C2807C53A}.Debug|Any CPU.Build.0 = Debug|Any CPU
		{96E0E9B7-B64D-432A-956F-CD2C2807C53A}.Release|Any CPU.ActiveCfg = Release|Any CPU
		{96E0E9B7-B64D-432A-956F-CD2C2807C53A}.Release|Any CPU.Build.0 = Release|Any CPU
		{C6A8406D-664D-47B0-BCD8-BCABDDADBB55}.Debug|Any CPU.ActiveCfg = Debug|Any CPU
		{C6A8406D-664D-47B0-BCD8-BCABDDADBB55}.Debug|Any CPU.Build.0 = Debug|Any CPU
		{C6A8406D-664D-47B0-BCD8-BCABDDADBB55}.Release|Any CPU.ActiveCfg = Release|Any CPU
		{C6A8406D-664D-47B0-BCD8-BCABDDADBB55}.Release|Any CPU.Build.0 = Release|Any CPU
		{975BB71D-BC08-418F-8669-F31484ABB3FC}.Debug|Any CPU.ActiveCfg = Debug|Any CPU
		{975BB71D-BC08-418F-8669-F31484ABB3FC}.Debug|Any CPU.Build.0 = Debug|Any CPU
		{975BB71D-BC08-418F-8669-F31484ABB3FC}.Release|Any CPU.ActiveCfg = Release|Any CPU
		{975BB71D-BC08-418F-8669-F31484ABB3FC}.Release|Any CPU.Build.0 = Release|Any CPU
	EndGlobalSection
	GlobalSection(SolutionProperties) = preSolution
		HideSolutionNode = FALSE
	EndGlobalSection
EndGlobal
